
Microsoft Visual Studio Solution File, Format Version 12.00
# Visual Studio 2015
Project("{FAE04EC0-301F-11D3-BF4B-00C04F79EFBC}") = "SimpleSpam2.CSharp", "SimpleSpam2.CSharp.csproj", "{0AB85544-7977-B565-31A7-713C50580E07}"
EndProject
Project("{FAE04EC0-301F-11D3-BF4B-00C04F79EFBC}") = "SimpleSpam2.CSharp.Editor", "SimpleSpam2.CSharp.Editor.csproj", "{B724870C-B9D8-0071-51F2-FC091AA1EF93}"
EndProject
Global
	GlobalSection(SolutionConfigurationPlatforms) = preSolution
		Debug|Any CPU = Debug|Any CPU
		Release|Any CPU = Release|Any CPU
	EndGlobalSection
	GlobalSection(ProjectConfigurationPlatforms) = postSolution
		{0AB85544-7977-B565-31A7-713C50580E07}.Debug|Any CPU.ActiveCfg = Debug|Any CPU
		{0AB85544-7977-B565-31A7-713C50580E07}.Debug|Any CPU.Build.0 = Debug|Any CPU
		{0AB85544-7977-B565-31A7-713C50580E07}.Release|Any CPU.ActiveCfg = Release|Any CPU
		{0AB85544-7977-B565-31A7-713C50580E07}.Release|Any CPU.Build.0 = Release|Any CPU
		{B724870C-B9D8-0071-51F2-FC091AA1EF93}.Debug|Any CPU.ActiveCfg = Debug|Any CPU
		{B724870C-B9D8-0071-51F2-FC091AA1EF93}.Debug|Any CPU.Build.0 = Debug|Any CPU
		{B724870C-B9D8-0071-51F2-FC091AA1EF93}.Release|Any CPU.ActiveCfg = Release|Any CPU
		{B724870C-B9D8-0071-51F2-FC091AA1EF93}.Release|Any CPU.Build.0 = Release|Any CPU
	EndGlobalSection
	GlobalSection(SolutionProperties) = preSolution
		HideSolutionNode = FALSE
	EndGlobalSection
EndGlobal
